
Microsoft Visual Studio Solution File, Format Version 12.00
# Visual Studio 15
VisualStudioVersion = 15.0.28307.705
MinimumVisualStudioVersion = 10.0.40219.1
Project("{FAE04EC0-301F-11D3-BF4B-00C04F79EFBC}") = "ThirdProgram", "ThirdProgram\ThirdProgram.csproj", "{1F32CE0C-3336-4920-BDF5-E958022F2D41}"
EndProject
Global
	GlobalSection(SolutionConfigurationPlatforms) = preSolution
		Debug|Any CPU = Debug|Any CPU
		Release|Any CPU = Release|Any CPU
	EndGlobalSection
	GlobalSection(ProjectConfigurationPlatforms) = postSolution
		{1F32CE0C-3336-4920-BDF5-E958022F2D41}.Debug|Any CPU.ActiveCfg = Debug|Any CPU
		{1F32CE0C-3336-4920-BDF5-E958022F2D41}.Debug|Any CPU.Build.0 = Debug|Any CPU
		{1F32CE0C-3336-4920-BDF5-E958022F2D41}.Release|Any CPU.ActiveCfg = Release|Any CPU
		{1F32CE0C-3336-4920-BDF5-E958022F2D41}.Release|Any CPU.Build.0 = Release|Any CPU
	EndGlobalSection
	GlobalSection(SolutionProperties) = preSolution
		HideSolutionNode = FALSE
	EndGlobalSection
	GlobalSection(ExtensibilityGlobals) = postSolution
		SolutionGuid = {0435E6FD-3D6B-4A61-A4E6-04ADB2B165B2}
	EndGlobalSection
EndGlobal
